
Microsoft Visual Studio Solution File, Format Version 12.00
# Visual Studio Version 17
VisualStudioVersion = 17.3.32819.101
MinimumVisualStudioVersion = 10.0.40219.1
Project("{9A19103F-16F7-4668-BE54-9A1E7A4F7556}") = "SecureSend", "SecureSend.csproj", "{50D2745A-DC92-4B83-A41E-CF6EE8FAA119}"
EndProject
Global
	GlobalSection(SolutionConfigurationPlatforms) = preSolution
		Debug|Any CPU = Debug|Any CPU
		Release|Any CPU = Release|Any CPU
	EndGlobalSection
	GlobalSection(ProjectConfigurationPlatforms) = postSolution
		{50D2745A-DC92-4B83-A41E-CF6EE8FAA119}.Debug|Any CPU.ActiveCfg = Debug|Any CPU
		{50D2745A-DC92-4B83-A41E-CF6EE8FAA119}.Debug|Any CPU.Build.0 = Debug|Any CPU
		{50D2745A-DC92-4B83-A41E-CF6EE8FAA119}.Release|Any CPU.ActiveCfg = Release|Any CPU
		{50D2745A-DC92-4B83-A41E-CF6EE8FAA119}.Release|Any CPU.Build.0 = Release|Any CPU
	EndGlobalSection
	GlobalSection(SolutionProperties) = preSolution
		HideSolutionNode = FALSE
	EndGlobalSection
	GlobalSection(ExtensibilityGlobals) = postSolution
		SolutionGuid = {CFFEE77D-877E-44D3-A19E-0A7BA6069922}
	EndGlobalSection
EndGlobal
